
Microsoft Visual Studio Solution File, Format Version 12.00
# Visual Studio Version 16
VisualStudioVersion = 16.0.31729.503
MinimumVisualStudioVersion = 10.0.40219.1
Project("{9A19103F-16F7-4668-BE54-9A1E7A4F7556}") = "CustomerLibrary", "src\CustomerLibrary\CustomerLibrary.csproj", "{E784B802-9D42-4C64-AC76-DF73635BC8E6}"
EndProject
Project("{9A19103F-16F7-4668-BE54-9A1E7A4F7556}") = "CustomerTests", "test\CustomerTests\CustomerTests.csproj", "{B3796EE1-6991-4722-8523-3EA694703595}"
EndProject
Project("{00D1A9C2-B5F0-4AF3-8072-F6C62B433612}") = "CustomerDB", "src\CustomerDB\CustomerDB.sqlproj", "{BDC11DE4-F6FC-4605-843B-9699E4EB2D62}"
EndProject
Global
	GlobalSection(SolutionConfigurationPlatforms) = preSolution
		Debug|Any CPU = Debug|Any CPU
		Release|Any CPU = Release|Any CPU
	EndGlobalSection
	GlobalSection(ProjectConfigurationPlatforms) = postSolution
		{E784B802-9D42-4C64-AC76-DF73635BC8E6}.Debug|Any CPU.ActiveCfg = Debug|Any CPU
		{E784B802-9D42-4C64-AC76-DF73635BC8E6}.Debug|Any CPU.Build.0 = Debug|Any CPU
		{E784B802-9D42-4C64-AC76-DF73635BC8E6}.Release|Any CPU.ActiveCfg = Release|Any CPU
		{E784B802-9D42-4C64-AC76-DF73635BC8E6}.Release|Any CPU.Build.0 = Release|Any CPU
		{B3796EE1-6991-4722-8523-3EA694703595}.Debug|Any CPU.ActiveCfg = Debug|Any CPU
		{B3796EE1-6991-4722-8523-3EA694703595}.Debug|Any CPU.Build.0 = Debug|Any CPU
		{B3796EE1-6991-4722-8523-3EA694703595}.Release|Any CPU.ActiveCfg = Release|Any CPU
		{B3796EE1-6991-4722-8523-3EA694703595}.Release|Any CPU.Build.0 = Release|Any CPU
		{BDC11DE4-F6FC-4605-843B-9699E4EB2D62}.Debug|Any CPU.ActiveCfg = Debug|Any CPU
		{BDC11DE4-F6FC-4605-843B-9699E4EB2D62}.Debug|Any CPU.Deploy.0 = Debug|Any CPU
		{BDC11DE4-F6FC-4605-843B-9699E4EB2D62}.Release|Any CPU.ActiveCfg = Release|Any CPU
		{BDC11DE4-F6FC-4605-843B-9699E4EB2D62}.Release|Any CPU.Deploy.0 = Release|Any CPU
	EndGlobalSection
	GlobalSection(SolutionProperties) = preSolution
		HideSolutionNode = FALSE
	EndGlobalSection
	GlobalSection(ExtensibilityGlobals) = postSolution
		SolutionGuid = {E31DFF1E-7F42-48AB-9713-890DD6968846}
	EndGlobalSection
EndGlobal
